
Microsoft Visual Studio Solution File, Format Version 12.00
# Visual Studio Version 17
VisualStudioVersion = 17.9.34622.214
MinimumVisualStudioVersion = 10.0.40219.1
Project("{FAE04EC0-301F-11D3-BF4B-00C04F79EFBC}") = "AuthServer", "AuthServer\AuthServer.csproj", "{E8E8CACA-55E8-431D-B1FE-FCE84A985743}"
EndProject
Project("{FAE04EC0-301F-11D3-BF4B-00C04F79EFBC}") = "ProtectedApi", "ProtectedApi\ProtectedApi.csproj", "{1E7B90A9-3F94-4D1A-80A9-278E7F42512E}"
EndProject
Project("{FAE04EC0-301F-11D3-BF4B-00C04F79EFBC}") = "LoginApp", "LoginApp\LoginApp.csproj", "{BE37E30D-7257-46AC-B95F-22FF176D9D9D}"
EndProject
Global
	GlobalSection(SolutionConfigurationPlatforms) = preSolution
		Debug|Any CPU = Debug|Any CPU
		Release|Any CPU = Release|Any CPU
	EndGlobalSection
	GlobalSection(ProjectConfigurationPlatforms) = postSolution
		{E8E8CACA-55E8-431D-B1FE-FCE84A985743}.Debug|Any CPU.ActiveCfg = Debug|Any CPU
		{E8E8CACA-55E8-431D-B1FE-FCE84A985743}.Debug|Any CPU.Build.0 = Debug|Any CPU
		{E8E8CACA-55E8-431D-B1FE-FCE84A985743}.Release|Any CPU.ActiveCfg = Release|Any CPU
		{E8E8CACA-55E8-431D-B1FE-FCE84A985743}.Release|Any CPU.Build.0 = Release|Any CPU
		{1E7B90A9-3F94-4D1A-80A9-278E7F42512E}.Debug|Any CPU.ActiveCfg = Debug|Any CPU
		{1E7B90A9-3F94-4D1A-80A9-278E7F42512E}.Debug|Any CPU.Build.0 = Debug|Any CPU
		{1E7B90A9-3F94-4D1A-80A9-278E7F42512E}.Release|Any CPU.ActiveCfg = Release|Any CPU
		{1E7B90A9-3F94-4D1A-80A9-278E7F42512E}.Release|Any CPU.Build.0 = Release|Any CPU
		{BE37E30D-7257-46AC-B95F-22FF176D9D9D}.Debug|Any CPU.ActiveCfg = Debug|Any CPU
		{BE37E30D-7257-46AC-B95F-22FF176D9D9D}.Debug|Any CPU.Build.0 = Debug|Any CPU
		{BE37E30D-7257-46AC-B95F-22FF176D9D9D}.Release|Any CPU.ActiveCfg = Release|Any CPU
		{BE37E30D-7257-46AC-B95F-22FF176D9D9D}.Release|Any CPU.Build.0 = Release|Any CPU
	EndGlobalSection
	GlobalSection(SolutionProperties) = preSolution
		HideSolutionNode = FALSE
	EndGlobalSection
	GlobalSection(ExtensibilityGlobals) = postSolution
		SolutionGuid = {77EDF6E3-9769-4488-872F-B83A3EFD2E59}
	EndGlobalSection
EndGlobal
